
Microsoft Visual Studio Solution File, Format Version 12.00
# Visual Studio Version 17
VisualStudioVersion = 17.5.33530.505
MinimumVisualStudioVersion = 10.0.40219.1
Project("{FAE04EC0-301F-11D3-BF4B-00C04F79EFBC}") = "Ejercicio4For", "Ejercicio4For\Ejercicio4For.csproj", "{CC596601-8245-4C6E-8423-23E796AA790E}"
EndProject
Global
	GlobalSection(SolutionConfigurationPlatforms) = preSolution
		Debug|Any CPU = Debug|Any CPU
		Release|Any CPU = Release|Any CPU
	EndGlobalSection
	GlobalSection(ProjectConfigurationPlatforms) = postSolution
		{CC596601-8245-4C6E-8423-23E796AA790E}.Debug|Any CPU.ActiveCfg = Debug|Any CPU
		{CC596601-8245-4C6E-8423-23E796AA790E}.Debug|Any CPU.Build.0 = Debug|Any CPU
		{CC596601-8245-4C6E-8423-23E796AA790E}.Release|Any CPU.ActiveCfg = Release|Any CPU
		{CC596601-8245-4C6E-8423-23E796AA790E}.Release|Any CPU.Build.0 = Release|Any CPU
	EndGlobalSection
	GlobalSection(SolutionProperties) = preSolution
		HideSolutionNode = FALSE
	EndGlobalSection
	GlobalSection(ExtensibilityGlobals) = postSolution
		SolutionGuid = {43792F53-30EF-4307-A29F-39F145D2C304}
	EndGlobalSection
EndGlobal
